
Microsoft Visual Studio Solution File, Format Version 12.00
# Visual Studio Version 16
VisualStudioVersion = 16.0.30907.101
MinimumVisualStudioVersion = 10.0.40219.1
Project("{FAE04EC0-301F-11D3-BF4B-00C04F79EFBC}") = "Elemendid_app.Android", "Elemendid_app.Android\Elemendid_app.Android.csproj", "{C397DB12-4F0C-4EF7-B11C-15E34AEFE981}"
EndProject
Project("{FAE04EC0-301F-11D3-BF4B-00C04F79EFBC}") = "Elemendid_app", "Elemendid_app\Elemendid_app.csproj", "{4B077600-3AA5-4819-B5CB-6F977D027616}"
EndProject
Global
	GlobalSection(SolutionConfigurationPlatforms) = preSolution
		Debug|Any CPU = Debug|Any CPU
		Release|Any CPU = Release|Any CPU
	EndGlobalSection
	GlobalSection(ProjectConfigurationPlatforms) = postSolution
		{C397DB12-4F0C-4EF7-B11C-15E34AEFE981}.Debug|Any CPU.ActiveCfg = Debug|Any CPU
		{C397DB12-4F0C-4EF7-B11C-15E34AEFE981}.Debug|Any CPU.Build.0 = Debug|Any CPU
		{C397DB12-4F0C-4EF7-B11C-15E34AEFE981}.Debug|Any CPU.Deploy.0 = Debug|Any CPU
		{C397DB12-4F0C-4EF7-B11C-15E34AEFE981}.Release|Any CPU.ActiveCfg = Release|Any CPU
		{C397DB12-4F0C-4EF7-B11C-15E34AEFE981}.Release|Any CPU.Build.0 = Release|Any CPU
		{C397DB12-4F0C-4EF7-B11C-15E34AEFE981}.Release|Any CPU.Deploy.0 = Release|Any CPU
		{4B077600-3AA5-4819-B5CB-6F977D027616}.Debug|Any CPU.ActiveCfg = Debug|Any CPU
		{4B077600-3AA5-4819-B5CB-6F977D027616}.Debug|Any CPU.Build.0 = Debug|Any CPU
		{4B077600-3AA5-4819-B5CB-6F977D027616}.Debug|Any CPU.Deploy.0 = Debug|Any CPU
		{4B077600-3AA5-4819-B5CB-6F977D027616}.Release|Any CPU.ActiveCfg = Release|Any CPU
		{4B077600-3AA5-4819-B5CB-6F977D027616}.Release|Any CPU.Build.0 = Release|Any CPU
		{4B077600-3AA5-4819-B5CB-6F977D027616}.Release|Any CPU.Deploy.0 = Release|Any CPU
	EndGlobalSection
	GlobalSection(SolutionProperties) = preSolution
		HideSolutionNode = FALSE
	EndGlobalSection
	GlobalSection(ExtensibilityGlobals) = postSolution
		SolutionGuid = {D4DD6689-E343-4948-A2B3-356E35E21F76}
	EndGlobalSection
EndGlobal
